
Microsoft Visual Studio Solution File, Format Version 12.00
Project("{FAE04EC0-301F-11D3-BF4B-00C04F79EFBC}") = "BusinessObject", "BusinessObject\BusinessObject.csproj", "{1CB21723-5EBD-48BE-9414-AEB1A281739E}"
EndProject
Project("{FAE04EC0-301F-11D3-BF4B-00C04F79EFBC}") = "DataAccess", "DataAccess\DataAccess.csproj", "{6603D4E1-EFD7-48C9-A401-D78B4AB31C34}"
EndProject
Project("{FAE04EC0-301F-11D3-BF4B-00C04F79EFBC}") = "WebApi", "WebApi\WebApi.csproj", "{ECC7902B-E795-4AB4-BEA7-F34FAB9E0C41}"
EndProject
Project("{FAE04EC0-301F-11D3-BF4B-00C04F79EFBC}") = "WebApplication1", "WebApplication1\WebApplication1.csproj", "{1F2DC3F9-50DD-4E62-A51D-2EBBAC2194BA}"
EndProject
Global
	GlobalSection(SolutionConfigurationPlatforms) = preSolution
		Debug|Any CPU = Debug|Any CPU
		Release|Any CPU = Release|Any CPU
	EndGlobalSection
	GlobalSection(ProjectConfigurationPlatforms) = postSolution
		{1CB21723-5EBD-48BE-9414-AEB1A281739E}.Debug|Any CPU.ActiveCfg = Debug|Any CPU
		{1CB21723-5EBD-48BE-9414-AEB1A281739E}.Debug|Any CPU.Build.0 = Debug|Any CPU
		{1CB21723-5EBD-48BE-9414-AEB1A281739E}.Release|Any CPU.ActiveCfg = Release|Any CPU
		{1CB21723-5EBD-48BE-9414-AEB1A281739E}.Release|Any CPU.Build.0 = Release|Any CPU
		{6603D4E1-EFD7-48C9-A401-D78B4AB31C34}.Debug|Any CPU.ActiveCfg = Debug|Any CPU
		{6603D4E1-EFD7-48C9-A401-D78B4AB31C34}.Debug|Any CPU.Build.0 = Debug|Any CPU
		{6603D4E1-EFD7-48C9-A401-D78B4AB31C34}.Release|Any CPU.ActiveCfg = Release|Any CPU
		{6603D4E1-EFD7-48C9-A401-D78B4AB31C34}.Release|Any CPU.Build.0 = Release|Any CPU
		{ECC7902B-E795-4AB4-BEA7-F34FAB9E0C41}.Debug|Any CPU.ActiveCfg = Debug|Any CPU
		{ECC7902B-E795-4AB4-BEA7-F34FAB9E0C41}.Debug|Any CPU.Build.0 = Debug|Any CPU
		{ECC7902B-E795-4AB4-BEA7-F34FAB9E0C41}.Release|Any CPU.ActiveCfg = Release|Any CPU
		{ECC7902B-E795-4AB4-BEA7-F34FAB9E0C41}.Release|Any CPU.Build.0 = Release|Any CPU
		{1F2DC3F9-50DD-4E62-A51D-2EBBAC2194BA}.Debug|Any CPU.ActiveCfg = Debug|Any CPU
		{1F2DC3F9-50DD-4E62-A51D-2EBBAC2194BA}.Debug|Any CPU.Build.0 = Debug|Any CPU
		{1F2DC3F9-50DD-4E62-A51D-2EBBAC2194BA}.Release|Any CPU.ActiveCfg = Release|Any CPU
		{1F2DC3F9-50DD-4E62-A51D-2EBBAC2194BA}.Release|Any CPU.Build.0 = Release|Any CPU
	EndGlobalSection
EndGlobal
