
Microsoft Visual Studio Solution File, Format Version 12.00
Project("{FAE04EC0-301F-11D3-BF4B-00C04F79EFBC}") = "BusinessObject", "BusinessObject\BusinessObject.csproj", "{1CB21723-5EBD-48BE-9414-AEB1A281739E}"
EndProject
Project("{FAE04EC0-301F-11D3-BF4B-00C04F79EFBC}") = "DataAccess", "DataAccess\DataAccess.csproj", "{6603D4E1-EFD7-48C9-A401-D78B4AB31C34}"
EndProject
Project("{FAE04EC0-301F-11D3-BF4B-00C04F79EFBC}") = "WebApi", "WebApi\WebApi.csproj", "{ECC7902B-E795-4AB4-BEA7-F34FAB9E0C41}"
EndProject
Project("{FAE04EC0-301F-11D3-BF4B-00C04F79EFBC}") = "WebClient", "WebClient\WebClient.csproj", "{184316DC-42A2-486B-B08C-22F2877C284D}"
EndProject
Global
	GlobalSection(SolutionConfigurationPlatforms) = preSolution
		Debug|Any CPU = Debug|Any CPU
		Release|Any CPU = Release|Any CPU
	EndGlobalSection
	GlobalSection(ProjectConfigurationPlatforms) = postSolution
		{1CB21723-5EBD-48BE-9414-AEB1A281739E}.Debug|Any CPU.ActiveCfg = Debug|Any CPU
		{1CB21723-5EBD-48BE-9414-AEB1A281739E}.Debug|Any CPU.Build.0 = Debug|Any CPU
		{1CB21723-5EBD-48BE-9414-AEB1A281739E}.Release|Any CPU.ActiveCfg = Release|Any CPU
		{1CB21723-5EBD-48BE-9414-AEB1A281739E}.Release|Any CPU.Build.0 = Release|Any CPU
		{6603D4E1-EFD7-48C9-A401-D78B4AB31C34}.Debug|Any CPU.ActiveCfg = Debug|Any CPU
		{6603D4E1-EFD7-48C9-A401-D78B4AB31C34}.Debug|Any CPU.Build.0 = Debug|Any CPU
		{6603D4E1-EFD7-48C9-A401-D78B4AB31C34}.Release|Any CPU.ActiveCfg = Release|Any CPU
		{6603D4E1-EFD7-48C9-A401-D78B4AB31C34}.Release|Any CPU.Build.0 = Release|Any CPU
		{ECC7902B-E795-4AB4-BEA7-F34FAB9E0C41}.Debug|Any CPU.ActiveCfg = Debug|Any CPU
		{ECC7902B-E795-4AB4-BEA7-F34FAB9E0C41}.Debug|Any CPU.Build.0 = Debug|Any CPU
		{ECC7902B-E795-4AB4-BEA7-F34FAB9E0C41}.Release|Any CPU.ActiveCfg = Release|Any CPU
		{ECC7902B-E795-4AB4-BEA7-F34FAB9E0C41}.Release|Any CPU.Build.0 = Release|Any CPU
		{184316DC-42A2-486B-B08C-22F2877C284D}.Debug|Any CPU.ActiveCfg = Debug|Any CPU
		{184316DC-42A2-486B-B08C-22F2877C284D}.Debug|Any CPU.Build.0 = Debug|Any CPU
		{184316DC-42A2-486B-B08C-22F2877C284D}.Release|Any CPU.ActiveCfg = Release|Any CPU
		{184316DC-42A2-486B-B08C-22F2877C284D}.Release|Any CPU.Build.0 = Release|Any CPU
	EndGlobalSection
EndGlobal
